
Microsoft Visual Studio Solution File, Format Version 12.00
# Visual Studio Version 17
VisualStudioVersion = 17.11.35208.52
MinimumVisualStudioVersion = 10.0.40219.1
Project("{FAE04EC0-301F-11D3-BF4B-00C04F79EFBC}") = "Azure-demo-app", "Azure-demo-app\Azure-demo-app.csproj", "{016B6E69-8D64-4DFD-B86E-4DB4BD219B6C}"
EndProject
Global
	GlobalSection(SolutionConfigurationPlatforms) = preSolution
		Debug|Any CPU = Debug|Any CPU
		Release|Any CPU = Release|Any CPU
	EndGlobalSection
	GlobalSection(ProjectConfigurationPlatforms) = postSolution
		{016B6E69-8D64-4DFD-B86E-4DB4BD219B6C}.Debug|Any CPU.ActiveCfg = Debug|Any CPU
		{016B6E69-8D64-4DFD-B86E-4DB4BD219B6C}.Debug|Any CPU.Build.0 = Debug|Any CPU
		{016B6E69-8D64-4DFD-B86E-4DB4BD219B6C}.Release|Any CPU.ActiveCfg = Release|Any CPU
		{016B6E69-8D64-4DFD-B86E-4DB4BD219B6C}.Release|Any CPU.Build.0 = Release|Any CPU
	EndGlobalSection
	GlobalSection(SolutionProperties) = preSolution
		HideSolutionNode = FALSE
	EndGlobalSection
	GlobalSection(ExtensibilityGlobals) = postSolution
		SolutionGuid = {051D6DFF-F740-4912-9154-A2E038652EF9}
	EndGlobalSection
EndGlobal
